
Microsoft Visual Studio Solution File, Format Version 12.00
# Visual Studio Version 17
VisualStudioVersion = 17.14.36408.4
MinimumVisualStudioVersion = 10.0.40219.1
Project("{FAE04EC0-301F-11D3-BF4B-00C04F79EFBC}") = "MAVI-Payload-Windows", "MAVI-Payload-Windows\MAVI-Payload-Windows.csproj", "{3A26D2B3-2906-40B1-830D-2588C81EB371}"
	ProjectSection(ProjectDependencies) = postProject
		{F8BB9E89-C25A-4891-BCE6-AF081841BF25} = {F8BB9E89-C25A-4891-BCE6-AF081841BF25}
	EndProjectSection
EndProject
Project("{8BC9CEB8-8B4A-11D0-8D11-00A0C91BC942}") = "ServiceWorker", "ServiceWorker\ServiceWorker.vcxproj", "{F8BB9E89-C25A-4891-BCE6-AF081841BF25}"
EndProject
Project("{FAE04EC0-301F-11D3-BF4B-00C04F79EFBC}") = "TestingFrameworkCLI", "TestingFrameworkCLI\TestingFrameworkCLI.csproj", "{7EC48FB7-7DD1-4E75-A419-44E47CCC990C}"
	ProjectSection(ProjectDependencies) = postProject
		{F8BB9E89-C25A-4891-BCE6-AF081841BF25} = {F8BB9E89-C25A-4891-BCE6-AF081841BF25}
	EndProjectSection
EndProject
Global
	GlobalSection(SolutionConfigurationPlatforms) = preSolution
		Debug|Any CPU = Debug|Any CPU
		Debug|x64 = Debug|x64
		Debug|x86 = Debug|x86
		Release|Any CPU = Release|Any CPU
		Release|x64 = Release|x64
		Release|x86 = Release|x86
	EndGlobalSection
	GlobalSection(ProjectConfigurationPlatforms) = postSolution
		{3A26D2B3-2906-40B1-830D-2588C81EB371}.Debug|Any CPU.ActiveCfg = Debug|Any CPU
		{3A26D2B3-2906-40B1-830D-2588C81EB371}.Debug|Any CPU.Build.0 = Debug|Any CPU
		{3A26D2B3-2906-40B1-830D-2588C81EB371}.Debug|x64.ActiveCfg = Debug|Any CPU
		{3A26D2B3-2906-40B1-830D-2588C81EB371}.Debug|x64.Build.0 = Debug|Any CPU
		{3A26D2B3-2906-40B1-830D-2588C81EB371}.Debug|x86.ActiveCfg = Debug|Any CPU
		{3A26D2B3-2906-40B1-830D-2588C81EB371}.Debug|x86.Build.0 = Debug|Any CPU
		{3A26D2B3-2906-40B1-830D-2588C81EB371}.Release|Any CPU.ActiveCfg = Release|Any CPU
		{3A26D2B3-2906-40B1-830D-2588C81EB371}.Release|Any CPU.Build.0 = Release|Any CPU
		{3A26D2B3-2906-40B1-830D-2588C81EB371}.Release|x64.ActiveCfg = Release|Any CPU
		{3A26D2B3-2906-40B1-830D-2588C81EB371}.Release|x64.Build.0 = Release|Any CPU
		{3A26D2B3-2906-40B1-830D-2588C81EB371}.Release|x86.ActiveCfg = Release|Any CPU
		{3A26D2B3-2906-40B1-830D-2588C81EB371}.Release|x86.Build.0 = Release|Any CPU
		{F8BB9E89-C25A-4891-BCE6-AF081841BF25}.Debug|Any CPU.ActiveCfg = Debug|x64
		{F8BB9E89-C25A-4891-BCE6-AF081841BF25}.Debug|Any CPU.Build.0 = Debug|x64
		{F8BB9E89-C25A-4891-BCE6-AF081841BF25}.Debug|x64.ActiveCfg = Debug|x64
		{F8BB9E89-C25A-4891-BCE6-AF081841BF25}.Debug|x64.Build.0 = Debug|x64
		{F8BB9E89-C25A-4891-BCE6-AF081841BF25}.Debug|x86.ActiveCfg = Debug|Win32
		{F8BB9E89-C25A-4891-BCE6-AF081841BF25}.Debug|x86.Build.0 = Debug|Win32
		{F8BB9E89-C25A-4891-BCE6-AF081841BF25}.Release|Any CPU.ActiveCfg = Release|x64
		{F8BB9E89-C25A-4891-BCE6-AF081841BF25}.Release|Any CPU.Build.0 = Release|x64
		{F8BB9E89-C25A-4891-BCE6-AF081841BF25}.Release|x64.ActiveCfg = Release|x64
		{F8BB9E89-C25A-4891-BCE6-AF081841BF25}.Release|x64.Build.0 = Release|x64
		{F8BB9E89-C25A-4891-BCE6-AF081841BF25}.Release|x86.ActiveCfg = Release|Win32
		{F8BB9E89-C25A-4891-BCE6-AF081841BF25}.Release|x86.Build.0 = Release|Win32
		{7EC48FB7-7DD1-4E75-A419-44E47CCC990C}.Debug|Any CPU.ActiveCfg = Debug|Any CPU
		{7EC48FB7-7DD1-4E75-A419-44E47CCC990C}.Debug|Any CPU.Build.0 = Debug|Any CPU
		{7EC48FB7-7DD1-4E75-A419-44E47CCC990C}.Debug|x64.ActiveCfg = Debug|Any CPU
		{7EC48FB7-7DD1-4E75-A419-44E47CCC990C}.Debug|x64.Build.0 = Debug|Any CPU
		{7EC48FB7-7DD1-4E75-A419-44E47CCC990C}.Debug|x86.ActiveCfg = Debug|Any CPU
		{7EC48FB7-7DD1-4E75-A419-44E47CCC990C}.Debug|x86.Build.0 = Debug|Any CPU
		{7EC48FB7-7DD1-4E75-A419-44E47CCC990C}.Release|Any CPU.ActiveCfg = Release|Any CPU
		{7EC48FB7-7DD1-4E75-A419-44E47CCC990C}.Release|Any CPU.Build.0 = Release|Any CPU
		{7EC48FB7-7DD1-4E75-A419-44E47CCC990C}.Release|x64.ActiveCfg = Release|Any CPU
		{7EC48FB7-7DD1-4E75-A419-44E47CCC990C}.Release|x64.Build.0 = Release|Any CPU
		{7EC48FB7-7DD1-4E75-A419-44E47CCC990C}.Release|x86.ActiveCfg = Release|Any CPU
		{7EC48FB7-7DD1-4E75-A419-44E47CCC990C}.Release|x86.Build.0 = Release|Any CPU
	EndGlobalSection
	GlobalSection(SolutionProperties) = preSolution
		HideSolutionNode = FALSE
	EndGlobalSection
	GlobalSection(ExtensibilityGlobals) = postSolution
		SolutionGuid = {73F4A892-3165-4AEF-8038-EC5FF56BBB3C}
	EndGlobalSection
EndGlobal
